
Microsoft Visual Studio Solution File, Format Version 12.00
# Visual Studio Version 16
VisualStudioVersion = 16.0.30204.135
MinimumVisualStudioVersion = 10.0.40219.1
Project("{9A19103F-16F7-4668-BE54-9A1E7A4F7556}") = "Homework", "Homework\Homework.csproj", "{5EB750DB-D3E2-4280-996A-30961E1A4B87}"
EndProject
Project("{9A19103F-16F7-4668-BE54-9A1E7A4F7556}") = "StringArray", "StringArray\StringArray.csproj", "{6AFC33A9-092C-4827-90DE-D631D3654B79}"
EndProject
Project("{9A19103F-16F7-4668-BE54-9A1E7A4F7556}") = "NumbersArray", "NumbersArray\NumbersArray.csproj", "{570AA4BD-FDAE-4526-87B7-CF4EC6E03321}"
EndProject
Project("{FAE04EC0-301F-11D3-BF4B-00C04F79EFBC}") = "SharedKernel", "SharedKernel\SharedKernel.csproj", "{E1291A0D-A6E2-42E6-AE7C-177B8CB58C9C}"
EndProject
Global
	GlobalSection(SolutionConfigurationPlatforms) = preSolution
		Debug|Any CPU = Debug|Any CPU
		Release|Any CPU = Release|Any CPU
	EndGlobalSection
	GlobalSection(ProjectConfigurationPlatforms) = postSolution
		{5EB750DB-D3E2-4280-996A-30961E1A4B87}.Debug|Any CPU.ActiveCfg = Debug|Any CPU
		{5EB750DB-D3E2-4280-996A-30961E1A4B87}.Debug|Any CPU.Build.0 = Debug|Any CPU
		{5EB750DB-D3E2-4280-996A-30961E1A4B87}.Release|Any CPU.ActiveCfg = Release|Any CPU
		{5EB750DB-D3E2-4280-996A-30961E1A4B87}.Release|Any CPU.Build.0 = Release|Any CPU
		{6AFC33A9-092C-4827-90DE-D631D3654B79}.Debug|Any CPU.ActiveCfg = Debug|Any CPU
		{6AFC33A9-092C-4827-90DE-D631D3654B79}.Debug|Any CPU.Build.0 = Debug|Any CPU
		{6AFC33A9-092C-4827-90DE-D631D3654B79}.Release|Any CPU.ActiveCfg = Release|Any CPU
		{6AFC33A9-092C-4827-90DE-D631D3654B79}.Release|Any CPU.Build.0 = Release|Any CPU
		{570AA4BD-FDAE-4526-87B7-CF4EC6E03321}.Debug|Any CPU.ActiveCfg = Debug|Any CPU
		{570AA4BD-FDAE-4526-87B7-CF4EC6E03321}.Debug|Any CPU.Build.0 = Debug|Any CPU
		{570AA4BD-FDAE-4526-87B7-CF4EC6E03321}.Release|Any CPU.ActiveCfg = Release|Any CPU
		{570AA4BD-FDAE-4526-87B7-CF4EC6E03321}.Release|Any CPU.Build.0 = Release|Any CPU
		{E1291A0D-A6E2-42E6-AE7C-177B8CB58C9C}.Debug|Any CPU.ActiveCfg = Debug|Any CPU
		{E1291A0D-A6E2-42E6-AE7C-177B8CB58C9C}.Debug|Any CPU.Build.0 = Debug|Any CPU
		{E1291A0D-A6E2-42E6-AE7C-177B8CB58C9C}.Release|Any CPU.ActiveCfg = Release|Any CPU
		{E1291A0D-A6E2-42E6-AE7C-177B8CB58C9C}.Release|Any CPU.Build.0 = Release|Any CPU
	EndGlobalSection
	GlobalSection(SolutionProperties) = preSolution
		HideSolutionNode = FALSE
	EndGlobalSection
	GlobalSection(ExtensibilityGlobals) = postSolution
		SolutionGuid = {98EAC66D-3876-44D6-92CE-C8B4303BD363}
	EndGlobalSection
EndGlobal
